// !$*UTF8*$!
{
	archiveVersion = 1;
	classes = {
	};
	objectVersion = 46;
	objects = {

/* Begin PBXBuildFile section */
		89FBA9D81887E8BD00204A27 /* Foundation.framework in Frameworks */ = {isa = PBXBuildFile; fileRef = 89FBA9D71887E8BD00204A27 /* Foundation.framework */; };
		89FBA9DB1887E8BD00204A27 /* main.m in Sources */ = {isa = PBXBuildFile; fileRef = 89FBA9DA1887E8BD00204A27 /* main.m */; };
		89FBA9DF1887E8BD00204A27 /* MemoryTracker.1 in CopyFiles */ = {isa = PBXBuildFile; fileRef = 89FBA9DE1887E8BD00204A27 /* MemoryTracker.1 */; };
		89FBA9E71887E8E000204A27 /* RetainTracker.m in Sources */ = {isa = PBXBuildFile; fileRef = 89FBA9E61887E8E000204A27 /* RetainTracker.m */; };
/* End PBXBuildFile section */

/* Begin PBXCopyFilesBuildPhase section */
		89FBA9D21887E8BD00204A27 /* CopyFiles */ = {
			isa = PBXCopyFilesBuildPhase;
			buildActionMask = 2147483647;
			dstPath = /usr/share/man/man1/;
			dstSubfolderSpec = 0;
			files = (
				89FBA9DF1887E8BD00204A27 /* MemoryTracker.1 in CopyFiles */,
			);
			runOnlyForDeploymentPostprocessing = 1;
		};
/* End PBXCopyFilesBuildPhase section */

/* Begin PBXFileReference section */
		89FBA9D41887E8BD00204A27 /* MemoryTracker */ = {isa = PBXFileReference; explicitFileType = "compiled.mach-o.executable"; includeInIndex = 0; path = MemoryTracker; sourceTree = BUILT_PRODUCTS_DIR; };
		89FBA9D71887E8BD00204A27 /* Foundation.framework */ = {isa = PBXFileReference; lastKnownFileType = wrapper.framework; name = Foundation.framework; path = System/Library/Frameworks/Foundation.framework; sourceTree = SDKROOT; };
		89FBA9DA1887E8BD00204A27 /* main.m */ = {isa = PBXFileReference; lastKnownFileType = sourcecode.c.objc; path = main.m; sourceTree = "<group>"; };
		89FBA9DD1887E8BD00204A27 /* MemoryTracker-Prefix.pch */ = {isa = PBXFileReference; lastKnownFileType = sourcecode.c.h; path = "MemoryTracker-Prefix.pch"; sourceTree = "<group>"; };
		89FBA9DE1887E8BD00204A27 /* MemoryTracker.1 */ = {isa = PBXFileReference; lastKnownFileType = text.man; path = MemoryTracker.1; sourceTree = "<group>"; };
		89FBA9E51887E8E000204A27 /* RetainTracker.h */ = {isa = PBXFileReference; fileEncoding = 4; lastKnownFileType = sourcecode.c.h; path = RetainTracker.h; sourceTree = "<group>"; };
		89FBA9E61887E8E000204A27 /* RetainTracker.m */ = {isa = PBXFileReference; fileEncoding = 4; lastKnownFileType = sourcecode.c.objc; path = RetainTracker.m; sourceTree = "<group>"; };
/* End PBXFileReference section */

/* Begin PBXFrameworksBuildPhase section */
		89FBA9D11887E8BD00204A27 /* Frameworks */ = {
			isa = PBXFrameworksBuildPhase;
			buildActionMask = 2147483647;
			files = (
				89FBA9D81887E8BD00204A27 /* Foundation.framework in Frameworks */,
			);
			runOnlyForDeploymentPostprocessing = 0;
		};
/* End PBXFrameworksBuildPhase section */

/* Begin PBXGroup section */
		89FBA9CB1887E8BD00204A27 = {
			isa = PBXGroup;
			children = (
				89FBA9E51887E8E000204A27 /* RetainTracker.h */,
				89FBA9E61887E8E000204A27 /* RetainTracker.m */,
				89FBA9D91887E8BD00204A27 /* MemoryTracker */,
				89FBA9D61887E8BD00204A27 /* Frameworks */,
				89FBA9D51887E8BD00204A27 /* Products */,
			);
			sourceTree = "<group>";
		};
		89FBA9D51887E8BD00204A27 /* Products */ = {
			isa = PBXGroup;
			children = (
				89FBA9D41887E8BD00204A27 /* MemoryTracker */,
			);
			name = Products;
			sourceTree = "<group>";
		};
		89FBA9D61887E8BD00204A27 /* Frameworks */ = {
			isa = PBXGroup;
			children = (
				89FBA9D71887E8BD00204A27 /* Foundation.framework */,
			);
			name = Frameworks;
			sourceTree = "<group>";
		};
		89FBA9D91887E8BD00204A27 /* MemoryTracker */ = {
			isa = PBXGroup;
			children = (
				89FBA9DA1887E8BD00204A27 /* main.m */,
				89FBA9DE1887E8BD00204A27 /* MemoryTracker.1 */,
				89FBA9DC1887E8BD00204A27 /* Supporting Files */,
			);
			path = MemoryTracker;
			sourceTree = "<group>";
		};
		89FBA9DC1887E8BD00204A27 /* Supporting Files */ = {
			isa = PBXGroup;
			children = (
				89FBA9DD1887E8BD00204A27 /* MemoryTracker-Prefix.pch */,
			);
			name = "Supporting Files";
			sourceTree = "<group>";
		};
/* End PBXGroup section */

/* Begin PBXNativeTarget section */
		89FBA9D31887E8BD00204A27 /* MemoryTracker */ = {
			isa = PBXNativeTarget;
			buildConfigurationList = 89FBA9E21887E8BD00204A27 /* Build configuration list for PBXNativeTarget "MemoryTracker" */;
			buildPhases = (
				89FBA9D01887E8BD00204A27 /* Sources */,
				89FBA9D11887E8BD00204A27 /* Frameworks */,
				89FBA9D21887E8BD00204A27 /* CopyFiles */,
			);
			buildRules = (
			);
			dependencies = (
			);
			name = MemoryTracker;
			productName = MemoryTracker;
			productReference = 89FBA9D41887E8BD00204A27 /* MemoryTracker */;
			productType = "com.apple.product-type.tool";
		};
/* End PBXNativeTarget section */

/* Begin PBXProject section */
		89FBA9CC1887E8BD00204A27 /* Project object */ = {
			isa = PBXProject;
			attributes = {
				LastUpgradeCheck = 0500;
				ORGANIZATIONNAME = "Jiang Rui";
			};
			buildConfigurationList = 89FBA9CF1887E8BD00204A27 /* Build configuration list for PBXProject "MemoryTracker" */;
			compatibilityVersion = "Xcode 3.2";
			developmentRegion = English;
			hasScannedForEncodings = 0;
			knownRegions = (
				en,
			);
			mainGroup = 89FBA9CB1887E8BD00204A27;
			productRefGroup = 89FBA9D51887E8BD00204A27 /* Products */;
			projectDirPath = "";
			projectRoot = "";
			targets = (
				89FBA9D31887E8BD00204A27 /* MemoryTracker */,
			);
		};
/* End PBXProject section */

/* Begin PBXSourcesBuildPhase section */
		89FBA9D01887E8BD00204A27 /* Sources */ = {
			isa = PBXSourcesBuildPhase;
			buildActionMask = 2147483647;
			files = (
				89FBA9DB1887E8BD00204A27 /* main.m in Sources */,
				89FBA9E71887E8E000204A27 /* RetainTracker.m in Sources */,
			);
			runOnlyForDeploymentPostprocessing = 0;
		};
/* End PBXSourcesBuildPhase section */

/* Begin XCBuildConfiguration section */
		89FBA9E01887E8BD00204A27 /* Debug */ = {
			isa = XCBuildConfiguration;
			buildSettings = {
				ALWAYS_SEARCH_USER_PATHS = NO;
				CLANG_CXX_LANGUAGE_STANDARD = "gnu++0x";
				CLANG_CXX_LIBRARY = "libc++";
				CLANG_ENABLE_OBJC_ARC = YES;
				CLANG_WARN_BOOL_CONVERSION = YES;
				CLANG_WARN_CONSTANT_CONVERSION = YES;
				CLANG_WARN_DIRECT_OBJC_ISA_USAGE = YES_ERROR;
				CLANG_WARN_EMPTY_BODY = YES;
				CLANG_WARN_ENUM_CONVERSION = YES;
				CLANG_WARN_INT_CONVERSION = YES;
				CLANG_WARN_OBJC_ROOT_CLASS = YES_ERROR;
				CLANG_WARN__DUPLICATE_METHOD_MATCH = YES;
				COPY_PHASE_STRIP = NO;
				GCC_C_LANGUAGE_STANDARD = gnu99;
				GCC_DYNAMIC_NO_PIC = NO;
				GCC_ENABLE_OBJC_EXCEPTIONS = YES;
				GCC_OPTIMIZATION_LEVEL = 0;
				GCC_PREPROCESSOR_DEFINITIONS = (
					"DEBUG=1",
					"$(inherited)",
				);
				GCC_SYMBOLS_PRIVATE_EXTERN = NO;
				GCC_WARN_64_TO_32_BIT_CONVERSION = YES;
				GCC_WARN_ABOUT_RETURN_TYPE = YES_ERROR;
				GCC_WARN_UNDECLARED_SELECTOR = YES;
				GCC_WARN_UNINITIALIZED_AUTOS = YES;
				GCC_WARN_UNUSED_FUNCTION = YES;
				GCC_WARN_UNUSED_VARIABLE = YES;
				MACOSX_DEPLOYMENT_TARGET = 10.8;
				ONLY_ACTIVE_ARCH = YES;
				SDKROOT = macosx;
			};
			name = Debug;
		};
		89FBA9E11887E8BD00204A27 /* Release */ = {
			isa = XCBuildConfiguration;
			buildSettings = {
				ALWAYS_SEARCH_USER_PATHS = NO;
				CLANG_CXX_LANGUAGE_STANDARD = "gnu++0x";
				CLANG_CXX_LIBRARY = "libc++";
				CLANG_ENABLE_OBJC_ARC = YES;
				CLANG_WARN_BOOL_CONVERSION = YES;
				CLANG_WARN_CONSTANT_CONVERSION = YES;
				CLANG_WARN_DIRECT_OBJC_ISA_USAGE = YES_ERROR;
				CLANG_WARN_EMPTY_BODY = YES;
				CLANG_WARN_ENUM_CONVERSION = YES;
				CLANG_WARN_INT_CONVERSION = YES;
				CLANG_WARN_OBJC_ROOT_CLASS = YES_ERROR;
				CLANG_WARN__DUPLICATE_METHOD_MATCH = YES;
				COPY_PHASE_STRIP = YES;
				DEBUG_INFORMATION_FORMAT = "dwarf-with-dsym";
				ENABLE_NS_ASSERTIONS = NO;
				GCC_C_LANGUAGE_STANDARD = gnu99;
				GCC_ENABLE_OBJC_EXCEPTIONS = YES;
				GCC_WARN_64_TO_32_BIT_CONVERSION = YES;
				GCC_WARN_ABOUT_RETURN_TYPE = YES_ERROR;
				GCC_WARN_UNDECLARED_SELECTOR = YES;
				GCC_WARN_UNINITIALIZED_AUTOS = YES;
				GCC_WARN_UNUSED_FUNCTION = YES;
				GCC_WARN_UNUSED_VARIABLE = YES;
				MACOSX_DEPLOYMENT_TARGET = 10.8;
				SDKROOT = macosx;
			};
			name = Release;
		};
		89FBA9E31887E8BD00204A27 /* Debug */ = {
			isa = XCBuildConfiguration;
			buildSettings = {
				GCC_PRECOMPILE_PREFIX_HEADER = YES;
				GCC_PREFIX_HEADER = "MemoryTracker/MemoryTracker-Prefix.pch";
				PRODUCT_NAME = "$(TARGET_NAME)";
			};
			name = Debug;
		};
		89FBA9E41887E8BD00204A27 /* Release */ = {
			isa = XCBuildConfiguration;
			buildSettings = {
				GCC_PRECOMPILE_PREFIX_HEADER = YES;
				GCC_PREFIX_HEADER = "MemoryTracker/MemoryTracker-Prefix.pch";
				PRODUCT_NAME = "$(TARGET_NAME)";
			};
			name = Release;
		};
/* End XCBuildConfiguration section */

/* Begin XCConfigurationList section */
		89FBA9CF1887E8BD00204A27 /* Build configuration list for PBXProject "MemoryTracker" */ = {
			isa = XCConfigurationList;
			buildConfigurations = (
				89FBA9E01887E8BD00204A27 /* Debug */,
				89FBA9E11887E8BD00204A27 /* Release */,
			);
			defaultConfigurationIsVisible = 0;
			defaultConfigurationName = Release;
		};
		89FBA9E21887E8BD00204A27 /* Build configuration list for PBXNativeTarget "MemoryTracker" */ = {
			isa = XCConfigurationList;
			buildConfigurations = (
				89FBA9E31887E8BD00204A27 /* Debug */,
				89FBA9E41887E8BD00204A27 /* Release */,
			);
			defaultConfigurationIsVisible = 0;
		};
/* End XCConfigurationList section */
	};
	rootObject = 89FBA9CC1887E8BD00204A27 /* Project object */;
}
