// !$*UTF8*$!
{
	archiveVersion = 1;
	classes = {
	};
	objectVersion = 46;
	objects = {

/* Begin PBXBuildFile section */
		892117001892080C003FB187 /* AddToDoItemViewController.m in Sources */ = {isa = PBXBuildFile; fileRef = 892116FF1892080C003FB187 /* AddToDoItemViewController.m */; };
		8921170318920B21003FB187 /* TodoListViewController.m in Sources */ = {isa = PBXBuildFile; fileRef = 8921170218920B21003FB187 /* TodoListViewController.m */; };
		8921170918925A94003FB187 /* TodoItem.m in Sources */ = {isa = PBXBuildFile; fileRef = 8921170818925A94003FB187 /* TodoItem.m */; };
		892EC6FB18822E8B00A6D69B /* Foundation.framework in Frameworks */ = {isa = PBXBuildFile; fileRef = 892EC6FA18822E8B00A6D69B /* Foundation.framework */; };
		892EC6FD18822E8B00A6D69B /* CoreGraphics.framework in Frameworks */ = {isa = PBXBuildFile; fileRef = 892EC6FC18822E8B00A6D69B /* CoreGraphics.framework */; };
		892EC6FF18822E8B00A6D69B /* UIKit.framework in Frameworks */ = {isa = PBXBuildFile; fileRef = 892EC6FE18822E8B00A6D69B /* UIKit.framework */; };
		892EC70518822E8B00A6D69B /* InfoPlist.strings in Resources */ = {isa = PBXBuildFile; fileRef = 892EC70318822E8B00A6D69B /* InfoPlist.strings */; };
		892EC70718822E8B00A6D69B /* main.m in Sources */ = {isa = PBXBuildFile; fileRef = 892EC70618822E8B00A6D69B /* main.m */; };
		892EC70B18822E8B00A6D69B /* AppDelegate.m in Sources */ = {isa = PBXBuildFile; fileRef = 892EC70A18822E8B00A6D69B /* AppDelegate.m */; };
		892EC70D18822E8B00A6D69B /* Images.xcassets in Resources */ = {isa = PBXBuildFile; fileRef = 892EC70C18822E8B00A6D69B /* Images.xcassets */; };
		892EC71418822E8B00A6D69B /* XCTest.framework in Frameworks */ = {isa = PBXBuildFile; fileRef = 892EC71318822E8B00A6D69B /* XCTest.framework */; };
		892EC71518822E8B00A6D69B /* Foundation.framework in Frameworks */ = {isa = PBXBuildFile; fileRef = 892EC6FA18822E8B00A6D69B /* Foundation.framework */; };
		892EC71618822E8B00A6D69B /* UIKit.framework in Frameworks */ = {isa = PBXBuildFile; fileRef = 892EC6FE18822E8B00A6D69B /* UIKit.framework */; };
		892EC71E18822E8B00A6D69B /* InfoPlist.strings in Resources */ = {isa = PBXBuildFile; fileRef = 892EC71C18822E8B00A6D69B /* InfoPlist.strings */; };
		892EC72018822E8B00A6D69B /* ToDoListTests.m in Sources */ = {isa = PBXBuildFile; fileRef = 892EC71F18822E8B00A6D69B /* ToDoListTests.m */; };
		89C677771890E2B10053CE78 /* Main.storyboard in Resources */ = {isa = PBXBuildFile; fileRef = 89C677761890E2B10053CE78 /* Main.storyboard */; };
/* End PBXBuildFile section */

/* Begin PBXContainerItemProxy section */
		892EC71718822E8B00A6D69B /* PBXContainerItemProxy */ = {
			isa = PBXContainerItemProxy;
			containerPortal = 892EC6EF18822E8B00A6D69B /* Project object */;
			proxyType = 1;
			remoteGlobalIDString = 892EC6F618822E8B00A6D69B;
			remoteInfo = ToDoList;
		};
/* End PBXContainerItemProxy section */

/* Begin PBXFileReference section */
		892116FE1892080B003FB187 /* AddToDoItemViewController.h */ = {isa = PBXFileReference; fileEncoding = 4; lastKnownFileType = sourcecode.c.h; path = AddToDoItemViewController.h; sourceTree = "<group>"; };
		892116FF1892080C003FB187 /* AddToDoItemViewController.m */ = {isa = PBXFileReference; fileEncoding = 4; lastKnownFileType = sourcecode.c.objc; path = AddToDoItemViewController.m; sourceTree = "<group>"; };
		8921170118920B21003FB187 /* TodoListViewController.h */ = {isa = PBXFileReference; fileEncoding = 4; lastKnownFileType = sourcecode.c.h; path = TodoListViewController.h; sourceTree = "<group>"; };
		8921170218920B21003FB187 /* TodoListViewController.m */ = {isa = PBXFileReference; fileEncoding = 4; lastKnownFileType = sourcecode.c.objc; path = TodoListViewController.m; sourceTree = "<group>"; };
		8921170718925A94003FB187 /* TodoItem.h */ = {isa = PBXFileReference; fileEncoding = 4; lastKnownFileType = sourcecode.c.h; path = TodoItem.h; sourceTree = "<group>"; };
		8921170818925A94003FB187 /* TodoItem.m */ = {isa = PBXFileReference; fileEncoding = 4; lastKnownFileType = sourcecode.c.objc; path = TodoItem.m; sourceTree = "<group>"; };
		892EC6F718822E8B00A6D69B /* ToDoList.app */ = {isa = PBXFileReference; explicitFileType = wrapper.application; includeInIndex = 0; path = ToDoList.app; sourceTree = BUILT_PRODUCTS_DIR; };
		892EC6FA18822E8B00A6D69B /* Foundation.framework */ = {isa = PBXFileReference; lastKnownFileType = wrapper.framework; name = Foundation.framework; path = System/Library/Frameworks/Foundation.framework; sourceTree = SDKROOT; };
		892EC6FC18822E8B00A6D69B /* CoreGraphics.framework */ = {isa = PBXFileReference; lastKnownFileType = wrapper.framework; name = CoreGraphics.framework; path = System/Library/Frameworks/CoreGraphics.framework; sourceTree = SDKROOT; };
		892EC6FE18822E8B00A6D69B /* UIKit.framework */ = {isa = PBXFileReference; lastKnownFileType = wrapper.framework; name = UIKit.framework; path = System/Library/Frameworks/UIKit.framework; sourceTree = SDKROOT; };
		892EC70218822E8B00A6D69B /* ToDoList-Info.plist */ = {isa = PBXFileReference; lastKnownFileType = text.plist.xml; path = "ToDoList-Info.plist"; sourceTree = "<group>"; };
		892EC70418822E8B00A6D69B /* en */ = {isa = PBXFileReference; lastKnownFileType = text.plist.strings; name = en; path = en.lproj/InfoPlist.strings; sourceTree = "<group>"; };
		892EC70618822E8B00A6D69B /* main.m */ = {isa = PBXFileReference; lastKnownFileType = sourcecode.c.objc; path = main.m; sourceTree = "<group>"; };
		892EC70818822E8B00A6D69B /* ToDoList-Prefix.pch */ = {isa = PBXFileReference; lastKnownFileType = sourcecode.c.h; path = "ToDoList-Prefix.pch"; sourceTree = "<group>"; };
		892EC70918822E8B00A6D69B /* AppDelegate.h */ = {isa = PBXFileReference; lastKnownFileType = sourcecode.c.h; path = AppDelegate.h; sourceTree = "<group>"; };
		892EC70A18822E8B00A6D69B /* AppDelegate.m */ = {isa = PBXFileReference; lastKnownFileType = sourcecode.c.objc; path = AppDelegate.m; sourceTree = "<group>"; };
		892EC70C18822E8B00A6D69B /* Images.xcassets */ = {isa = PBXFileReference; lastKnownFileType = folder.assetcatalog; path = Images.xcassets; sourceTree = "<group>"; };
		892EC71218822E8B00A6D69B /* ToDoListTests.xctest */ = {isa = PBXFileReference; explicitFileType = wrapper.cfbundle; includeInIndex = 0; path = ToDoListTests.xctest; sourceTree = BUILT_PRODUCTS_DIR; };
		892EC71318822E8B00A6D69B /* XCTest.framework */ = {isa = PBXFileReference; lastKnownFileType = wrapper.framework; name = XCTest.framework; path = Library/Frameworks/XCTest.framework; sourceTree = DEVELOPER_DIR; };
		892EC71B18822E8B00A6D69B /* ToDoListTests-Info.plist */ = {isa = PBXFileReference; lastKnownFileType = text.plist.xml; path = "ToDoListTests-Info.plist"; sourceTree = "<group>"; };
		892EC71D18822E8B00A6D69B /* en */ = {isa = PBXFileReference; lastKnownFileType = text.plist.strings; name = en; path = en.lproj/InfoPlist.strings; sourceTree = "<group>"; };
		892EC71F18822E8B00A6D69B /* ToDoListTests.m */ = {isa = PBXFileReference; lastKnownFileType = sourcecode.c.objc; path = ToDoListTests.m; sourceTree = "<group>"; };
		89C677761890E2B10053CE78 /* Main.storyboard */ = {isa = PBXFileReference; fileEncoding = 4; lastKnownFileType = file.storyboard; path = Main.storyboard; sourceTree = "<group>"; };
/* End PBXFileReference section */

/* Begin PBXFrameworksBuildPhase section */
		892EC6F418822E8B00A6D69B /* Frameworks */ = {
			isa = PBXFrameworksBuildPhase;
			buildActionMask = 2147483647;
			files = (
				892EC6FD18822E8B00A6D69B /* CoreGraphics.framework in Frameworks */,
				892EC6FF18822E8B00A6D69B /* UIKit.framework in Frameworks */,
				892EC6FB18822E8B00A6D69B /* Foundation.framework in Frameworks */,
			);
			runOnlyForDeploymentPostprocessing = 0;
		};
		892EC70F18822E8B00A6D69B /* Frameworks */ = {
			isa = PBXFrameworksBuildPhase;
			buildActionMask = 2147483647;
			files = (
				892EC71418822E8B00A6D69B /* XCTest.framework in Frameworks */,
				892EC71618822E8B00A6D69B /* UIKit.framework in Frameworks */,
				892EC71518822E8B00A6D69B /* Foundation.framework in Frameworks */,
			);
			runOnlyForDeploymentPostprocessing = 0;
		};
/* End PBXFrameworksBuildPhase section */

/* Begin PBXGroup section */
		892EC6EE18822E8B00A6D69B = {
			isa = PBXGroup;
			children = (
				89C677761890E2B10053CE78 /* Main.storyboard */,
				8921170118920B21003FB187 /* TodoListViewController.h */,
				8921170218920B21003FB187 /* TodoListViewController.m */,
				8921170718925A94003FB187 /* TodoItem.h */,
				8921170818925A94003FB187 /* TodoItem.m */,
				892EC70018822E8B00A6D69B /* ToDoList */,
				892EC71918822E8B00A6D69B /* ToDoListTests */,
				892EC6F918822E8B00A6D69B /* Frameworks */,
				892EC6F818822E8B00A6D69B /* Products */,
			);
			sourceTree = "<group>";
		};
		892EC6F818822E8B00A6D69B /* Products */ = {
			isa = PBXGroup;
			children = (
				892EC6F718822E8B00A6D69B /* ToDoList.app */,
				892EC71218822E8B00A6D69B /* ToDoListTests.xctest */,
			);
			name = Products;
			sourceTree = "<group>";
		};
		892EC6F918822E8B00A6D69B /* Frameworks */ = {
			isa = PBXGroup;
			children = (
				892EC6FA18822E8B00A6D69B /* Foundation.framework */,
				892EC6FC18822E8B00A6D69B /* CoreGraphics.framework */,
				892EC6FE18822E8B00A6D69B /* UIKit.framework */,
				892EC71318822E8B00A6D69B /* XCTest.framework */,
			);
			name = Frameworks;
			sourceTree = "<group>";
		};
		892EC70018822E8B00A6D69B /* ToDoList */ = {
			isa = PBXGroup;
			children = (
				892EC70918822E8B00A6D69B /* AppDelegate.h */,
				892116FE1892080B003FB187 /* AddToDoItemViewController.h */,
				892116FF1892080C003FB187 /* AddToDoItemViewController.m */,
				892EC70A18822E8B00A6D69B /* AppDelegate.m */,
				892EC70C18822E8B00A6D69B /* Images.xcassets */,
				892EC70118822E8B00A6D69B /* Supporting Files */,
			);
			path = ToDoList;
			sourceTree = "<group>";
		};
		892EC70118822E8B00A6D69B /* Supporting Files */ = {
			isa = PBXGroup;
			children = (
				892EC70218822E8B00A6D69B /* ToDoList-Info.plist */,
				892EC70318822E8B00A6D69B /* InfoPlist.strings */,
				892EC70618822E8B00A6D69B /* main.m */,
				892EC70818822E8B00A6D69B /* ToDoList-Prefix.pch */,
			);
			name = "Supporting Files";
			sourceTree = "<group>";
		};
		892EC71918822E8B00A6D69B /* ToDoListTests */ = {
			isa = PBXGroup;
			children = (
				892EC71F18822E8B00A6D69B /* ToDoListTests.m */,
				892EC71A18822E8B00A6D69B /* Supporting Files */,
			);
			path = ToDoListTests;
			sourceTree = "<group>";
		};
		892EC71A18822E8B00A6D69B /* Supporting Files */ = {
			isa = PBXGroup;
			children = (
				892EC71B18822E8B00A6D69B /* ToDoListTests-Info.plist */,
				892EC71C18822E8B00A6D69B /* InfoPlist.strings */,
			);
			name = "Supporting Files";
			sourceTree = "<group>";
		};
/* End PBXGroup section */

/* Begin PBXNativeTarget section */
		892EC6F618822E8B00A6D69B /* ToDoList */ = {
			isa = PBXNativeTarget;
			buildConfigurationList = 892EC72318822E8B00A6D69B /* Build configuration list for PBXNativeTarget "ToDoList" */;
			buildPhases = (
				892EC6F318822E8B00A6D69B /* Sources */,
				892EC6F418822E8B00A6D69B /* Frameworks */,
				892EC6F518822E8B00A6D69B /* Resources */,
			);
			buildRules = (
			);
			dependencies = (
			);
			name = ToDoList;
			productName = ToDoList;
			productReference = 892EC6F718822E8B00A6D69B /* ToDoList.app */;
			productType = "com.apple.product-type.application";
		};
		892EC71118822E8B00A6D69B /* ToDoListTests */ = {
			isa = PBXNativeTarget;
			buildConfigurationList = 892EC72618822E8B00A6D69B /* Build configuration list for PBXNativeTarget "ToDoListTests" */;
			buildPhases = (
				892EC70E18822E8B00A6D69B /* Sources */,
				892EC70F18822E8B00A6D69B /* Frameworks */,
				892EC71018822E8B00A6D69B /* Resources */,
			);
			buildRules = (
			);
			dependencies = (
				892EC71818822E8B00A6D69B /* PBXTargetDependency */,
			);
			name = ToDoListTests;
			productName = ToDoListTests;
			productReference = 892EC71218822E8B00A6D69B /* ToDoListTests.xctest */;
			productType = "com.apple.product-type.bundle.unit-test";
		};
/* End PBXNativeTarget section */

/* Begin PBXProject section */
		892EC6EF18822E8B00A6D69B /* Project object */ = {
			isa = PBXProject;
			attributes = {
				LastUpgradeCheck = 0500;
				ORGANIZATIONNAME = "Jiang Rui";
				TargetAttributes = {
					892EC71118822E8B00A6D69B = {
						TestTargetID = 892EC6F618822E8B00A6D69B;
					};
				};
			};
			buildConfigurationList = 892EC6F218822E8B00A6D69B /* Build configuration list for PBXProject "ToDoList" */;
			compatibilityVersion = "Xcode 3.2";
			developmentRegion = English;
			hasScannedForEncodings = 0;
			knownRegions = (
				en,
			);
			mainGroup = 892EC6EE18822E8B00A6D69B;
			productRefGroup = 892EC6F818822E8B00A6D69B /* Products */;
			projectDirPath = "";
			projectRoot = "";
			targets = (
				892EC6F618822E8B00A6D69B /* ToDoList */,
				892EC71118822E8B00A6D69B /* ToDoListTests */,
			);
		};
/* End PBXProject section */

/* Begin PBXResourcesBuildPhase section */
		892EC6F518822E8B00A6D69B /* Resources */ = {
			isa = PBXResourcesBuildPhase;
			buildActionMask = 2147483647;
			files = (
				89C677771890E2B10053CE78 /* Main.storyboard in Resources */,
				892EC70518822E8B00A6D69B /* InfoPlist.strings in Resources */,
				892EC70D18822E8B00A6D69B /* Images.xcassets in Resources */,
			);
			runOnlyForDeploymentPostprocessing = 0;
		};
		892EC71018822E8B00A6D69B /* Resources */ = {
			isa = PBXResourcesBuildPhase;
			buildActionMask = 2147483647;
			files = (
				892EC71E18822E8B00A6D69B /* InfoPlist.strings in Resources */,
			);
			runOnlyForDeploymentPostprocessing = 0;
		};
/* End PBXResourcesBuildPhase section */

/* Begin PBXSourcesBuildPhase section */
		892EC6F318822E8B00A6D69B /* Sources */ = {
			isa = PBXSourcesBuildPhase;
			buildActionMask = 2147483647;
			files = (
				8921170318920B21003FB187 /* TodoListViewController.m in Sources */,
				892EC70B18822E8B00A6D69B /* AppDelegate.m in Sources */,
				892EC70718822E8B00A6D69B /* main.m in Sources */,
				892117001892080C003FB187 /* AddToDoItemViewController.m in Sources */,
				8921170918925A94003FB187 /* TodoItem.m in Sources */,
			);
			runOnlyForDeploymentPostprocessing = 0;
		};
		892EC70E18822E8B00A6D69B /* Sources */ = {
			isa = PBXSourcesBuildPhase;
			buildActionMask = 2147483647;
			files = (
				892EC72018822E8B00A6D69B /* ToDoListTests.m in Sources */,
			);
			runOnlyForDeploymentPostprocessing = 0;
		};
/* End PBXSourcesBuildPhase section */

/* Begin PBXTargetDependency section */
		892EC71818822E8B00A6D69B /* PBXTargetDependency */ = {
			isa = PBXTargetDependency;
			target = 892EC6F618822E8B00A6D69B /* ToDoList */;
			targetProxy = 892EC71718822E8B00A6D69B /* PBXContainerItemProxy */;
		};
/* End PBXTargetDependency section */

/* Begin PBXVariantGroup section */
		892EC70318822E8B00A6D69B /* InfoPlist.strings */ = {
			isa = PBXVariantGroup;
			children = (
				892EC70418822E8B00A6D69B /* en */,
			);
			name = InfoPlist.strings;
			sourceTree = "<group>";
		};
		892EC71C18822E8B00A6D69B /* InfoPlist.strings */ = {
			isa = PBXVariantGroup;
			children = (
				892EC71D18822E8B00A6D69B /* en */,
			);
			name = InfoPlist.strings;
			sourceTree = "<group>";
		};
/* End PBXVariantGroup section */

/* Begin XCBuildConfiguration section */
		892EC72118822E8B00A6D69B /* Debug */ = {
			isa = XCBuildConfiguration;
			buildSettings = {
				ALWAYS_SEARCH_USER_PATHS = NO;
				ARCHS = "$(ARCHS_STANDARD_INCLUDING_64_BIT)";
				CLANG_CXX_LANGUAGE_STANDARD = "gnu++0x";
				CLANG_CXX_LIBRARY = "libc++";
				CLANG_ENABLE_MODULES = YES;
				CLANG_ENABLE_OBJC_ARC = YES;
				CLANG_WARN_BOOL_CONVERSION = YES;
				CLANG_WARN_CONSTANT_CONVERSION = YES;
				CLANG_WARN_DIRECT_OBJC_ISA_USAGE = YES_ERROR;
				CLANG_WARN_EMPTY_BODY = YES;
				CLANG_WARN_ENUM_CONVERSION = YES;
				CLANG_WARN_INT_CONVERSION = YES;
				CLANG_WARN_OBJC_ROOT_CLASS = YES_ERROR;
				CLANG_WARN__DUPLICATE_METHOD_MATCH = YES;
				"CODE_SIGN_IDENTITY[sdk=iphoneos*]" = "iPhone Developer";
				COPY_PHASE_STRIP = NO;
				GCC_C_LANGUAGE_STANDARD = gnu99;
				GCC_DYNAMIC_NO_PIC = NO;
				GCC_OPTIMIZATION_LEVEL = 0;
				GCC_PREPROCESSOR_DEFINITIONS = (
					"DEBUG=1",
					"$(inherited)",
				);
				GCC_SYMBOLS_PRIVATE_EXTERN = NO;
				GCC_WARN_64_TO_32_BIT_CONVERSION = YES;
				GCC_WARN_ABOUT_RETURN_TYPE = YES_ERROR;
				GCC_WARN_UNDECLARED_SELECTOR = YES;
				GCC_WARN_UNINITIALIZED_AUTOS = YES;
				GCC_WARN_UNUSED_FUNCTION = YES;
				GCC_WARN_UNUSED_VARIABLE = YES;
				IPHONEOS_DEPLOYMENT_TARGET = 7.0;
				ONLY_ACTIVE_ARCH = YES;
				SDKROOT = iphoneos;
				TARGETED_DEVICE_FAMILY = "1,2";
			};
			name = Debug;
		};
		892EC72218822E8B00A6D69B /* Release */ = {
			isa = XCBuildConfiguration;
			buildSettings = {
				ALWAYS_SEARCH_USER_PATHS = NO;
				ARCHS = "$(ARCHS_STANDARD_INCLUDING_64_BIT)";
				CLANG_CXX_LANGUAGE_STANDARD = "gnu++0x";
				CLANG_CXX_LIBRARY = "libc++";
				CLANG_ENABLE_MODULES = YES;
				CLANG_ENABLE_OBJC_ARC = YES;
				CLANG_WARN_BOOL_CONVERSION = YES;
				CLANG_WARN_CONSTANT_CONVERSION = YES;
				CLANG_WARN_DIRECT_OBJC_ISA_USAGE = YES_ERROR;
				CLANG_WARN_EMPTY_BODY = YES;
				CLANG_WARN_ENUM_CONVERSION = YES;
				CLANG_WARN_INT_CONVERSION = YES;
				CLANG_WARN_OBJC_ROOT_CLASS = YES_ERROR;
				CLANG_WARN__DUPLICATE_METHOD_MATCH = YES;
				"CODE_SIGN_IDENTITY[sdk=iphoneos*]" = "iPhone Developer";
				COPY_PHASE_STRIP = YES;
				ENABLE_NS_ASSERTIONS = NO;
				GCC_C_LANGUAGE_STANDARD = gnu99;
				GCC_WARN_64_TO_32_BIT_CONVERSION = YES;
				GCC_WARN_ABOUT_RETURN_TYPE = YES_ERROR;
				GCC_WARN_UNDECLARED_SELECTOR = YES;
				GCC_WARN_UNINITIALIZED_AUTOS = YES;
				GCC_WARN_UNUSED_FUNCTION = YES;
				GCC_WARN_UNUSED_VARIABLE = YES;
				IPHONEOS_DEPLOYMENT_TARGET = 7.0;
				SDKROOT = iphoneos;
				TARGETED_DEVICE_FAMILY = "1,2";
				VALIDATE_PRODUCT = YES;
			};
			name = Release;
		};
		892EC72418822E8B00A6D69B /* Debug */ = {
			isa = XCBuildConfiguration;
			buildSettings = {
				ASSETCATALOG_COMPILER_APPICON_NAME = AppIcon;
				ASSETCATALOG_COMPILER_LAUNCHIMAGE_NAME = LaunchImage;
				GCC_PRECOMPILE_PREFIX_HEADER = YES;
				GCC_PREFIX_HEADER = "ToDoList/ToDoList-Prefix.pch";
				INFOPLIST_FILE = "ToDoList/ToDoList-Info.plist";
				PRODUCT_NAME = "$(TARGET_NAME)";
				TARGETED_DEVICE_FAMILY = "1,2";
				WRAPPER_EXTENSION = app;
			};
			name = Debug;
		};
		892EC72518822E8B00A6D69B /* Release */ = {
			isa = XCBuildConfiguration;
			buildSettings = {
				ASSETCATALOG_COMPILER_APPICON_NAME = AppIcon;
				ASSETCATALOG_COMPILER_LAUNCHIMAGE_NAME = LaunchImage;
				GCC_PRECOMPILE_PREFIX_HEADER = YES;
				GCC_PREFIX_HEADER = "ToDoList/ToDoList-Prefix.pch";
				INFOPLIST_FILE = "ToDoList/ToDoList-Info.plist";
				PRODUCT_NAME = "$(TARGET_NAME)";
				TARGETED_DEVICE_FAMILY = "1,2";
				WRAPPER_EXTENSION = app;
			};
			name = Release;
		};
		892EC72718822E8B00A6D69B /* Debug */ = {
			isa = XCBuildConfiguration;
			buildSettings = {
				ARCHS = "$(ARCHS_STANDARD_INCLUDING_64_BIT)";
				BUNDLE_LOADER = "$(BUILT_PRODUCTS_DIR)/ToDoList.app/ToDoList";
				FRAMEWORK_SEARCH_PATHS = (
					"$(SDKROOT)/Developer/Library/Frameworks",
					"$(inherited)",
					"$(DEVELOPER_FRAMEWORKS_DIR)",
				);
				GCC_PRECOMPILE_PREFIX_HEADER = YES;
				GCC_PREFIX_HEADER = "ToDoList/ToDoList-Prefix.pch";
				GCC_PREPROCESSOR_DEFINITIONS = (
					"DEBUG=1",
					"$(inherited)",
				);
				INFOPLIST_FILE = "ToDoListTests/ToDoListTests-Info.plist";
				PRODUCT_NAME = "$(TARGET_NAME)";
				TEST_HOST = "$(BUNDLE_LOADER)";
				WRAPPER_EXTENSION = xctest;
			};
			name = Debug;
		};
		892EC72818822E8B00A6D69B /* Release */ = {
			isa = XCBuildConfiguration;
			buildSettings = {
				ARCHS = "$(ARCHS_STANDARD_INCLUDING_64_BIT)";
				BUNDLE_LOADER = "$(BUILT_PRODUCTS_DIR)/ToDoList.app/ToDoList";
				FRAMEWORK_SEARCH_PATHS = (
					"$(SDKROOT)/Developer/Library/Frameworks",
					"$(inherited)",
					"$(DEVELOPER_FRAMEWORKS_DIR)",
				);
				GCC_PRECOMPILE_PREFIX_HEADER = YES;
				GCC_PREFIX_HEADER = "ToDoList/ToDoList-Prefix.pch";
				INFOPLIST_FILE = "ToDoListTests/ToDoListTests-Info.plist";
				PRODUCT_NAME = "$(TARGET_NAME)";
				TEST_HOST = "$(BUNDLE_LOADER)";
				WRAPPER_EXTENSION = xctest;
			};
			name = Release;
		};
/* End XCBuildConfiguration section */

/* Begin XCConfigurationList section */
		892EC6F218822E8B00A6D69B /* Build configuration list for PBXProject "ToDoList" */ = {
			isa = XCConfigurationList;
			buildConfigurations = (
				892EC72118822E8B00A6D69B /* Debug */,
				892EC72218822E8B00A6D69B /* Release */,
			);
			defaultConfigurationIsVisible = 0;
			defaultConfigurationName = Release;
		};
		892EC72318822E8B00A6D69B /* Build configuration list for PBXNativeTarget "ToDoList" */ = {
			isa = XCConfigurationList;
			buildConfigurations = (
				892EC72418822E8B00A6D69B /* Debug */,
				892EC72518822E8B00A6D69B /* Release */,
			);
			defaultConfigurationIsVisible = 0;
			defaultConfigurationName = Release;
		};
		892EC72618822E8B00A6D69B /* Build configuration list for PBXNativeTarget "ToDoListTests" */ = {
			isa = XCConfigurationList;
			buildConfigurations = (
				892EC72718822E8B00A6D69B /* Debug */,
				892EC72818822E8B00A6D69B /* Release */,
			);
			defaultConfigurationIsVisible = 0;
			defaultConfigurationName = Release;
		};
/* End XCConfigurationList section */
	};
	rootObject = 892EC6EF18822E8B00A6D69B /* Project object */;
}
